// !$*UTF8*$!
{
	archiveVersion = 1;
	classes = {
	};
	objectVersion = 46;
	objects = {

/* Begin PBXBuildFile section */
		AB307E721ED2E01F0053CE95 /* RegisVC.swift in Sources */ = {isa = PBXBuildFile; fileRef = AB307E711ED2E01F0053CE95 /* RegisVC.swift */; };
		AB3BCCD91ED1969B00BA7290 /* AppDelegate.swift in Sources */ = {isa = PBXBuildFile; fileRef = AB3BCCD81ED1969B00BA7290 /* AppDelegate.swift */; };
		AB3BCCDE1ED1969B00BA7290 /* Main.storyboard in Resources */ = {isa = PBXBuildFile; fileRef = AB3BCCDC1ED1969B00BA7290 /* Main.storyboard */; };
		AB3BCCE01ED1969B00BA7290 /* Assets.xcassets in Resources */ = {isa = PBXBuildFile; fileRef = AB3BCCDF1ED1969B00BA7290 /* Assets.xcassets */; };
		AB3BCCE31ED1969B00BA7290 /* LaunchScreen.storyboard in Resources */ = {isa = PBXBuildFile; fileRef = AB3BCCE11ED1969B00BA7290 /* LaunchScreen.storyboard */; };
		AB3BCCF01ED1F35400BA7290 /* SignInVC.swift in Sources */ = {isa = PBXBuildFile; fileRef = AB3BCCEF1ED1F35400BA7290 /* SignInVC.swift */; };
		AB3BCCF21ED1FDC300BA7290 /* Profile.swift in Sources */ = {isa = PBXBuildFile; fileRef = AB3BCCF11ED1FDC300BA7290 /* Profile.swift */; };
		AB3BCCF41ED200A700BA7290 /* ProfileVC.swift in Sources */ = {isa = PBXBuildFile; fileRef = AB3BCCF31ED200A700BA7290 /* ProfileVC.swift */; };
		E9E635231A5F880E844856D8 /* Pods_MvcApp.framework in Frameworks */ = {isa = PBXBuildFile; fileRef = C04644F8F2A4D17EF94F96B6 /* Pods_MvcApp.framework */; };
/* End PBXBuildFile section */

/* Begin PBXFileReference section */
		1EC99EBF4DC9DDBF6FF531E2 /* Pods-MvcApp.debug.xcconfig */ = {isa = PBXFileReference; includeInIndex = 1; lastKnownFileType = text.xcconfig; name = "Pods-MvcApp.debug.xcconfig"; path = "Pods/Target Support Files/Pods-MvcApp/Pods-MvcApp.debug.xcconfig"; sourceTree = "<group>"; };
		2506150A86FBFF077F494D36 /* Pods-MvcApp.release.xcconfig */ = {isa = PBXFileReference; includeInIndex = 1; lastKnownFileType = text.xcconfig; name = "Pods-MvcApp.release.xcconfig"; path = "Pods/Target Support Files/Pods-MvcApp/Pods-MvcApp.release.xcconfig"; sourceTree = "<group>"; };
		AB307E711ED2E01F0053CE95 /* RegisVC.swift */ = {isa = PBXFileReference; fileEncoding = 4; lastKnownFileType = sourcecode.swift; path = RegisVC.swift; sourceTree = "<group>"; };
		AB3BCCD51ED1969B00BA7290 /* MvcApp.app */ = {isa = PBXFileReference; explicitFileType = wrapper.application; includeInIndex = 0; path = MvcApp.app; sourceTree = BUILT_PRODUCTS_DIR; };
		AB3BCCD81ED1969B00BA7290 /* AppDelegate.swift */ = {isa = PBXFileReference; lastKnownFileType = sourcecode.swift; path = AppDelegate.swift; sourceTree = "<group>"; };
		AB3BCCDD1ED1969B00BA7290 /* Base */ = {isa = PBXFileReference; lastKnownFileType = file.storyboard; name = Base; path = Base.lproj/Main.storyboard; sourceTree = "<group>"; };
		AB3BCCDF1ED1969B00BA7290 /* Assets.xcassets */ = {isa = PBXFileReference; lastKnownFileType = folder.assetcatalog; name = Assets.xcassets; path = ../Assets.xcassets; sourceTree = "<group>"; };
		AB3BCCE21ED1969B00BA7290 /* Base */ = {isa = PBXFileReference; lastKnownFileType = file.storyboard; name = Base; path = Base.lproj/LaunchScreen.storyboard; sourceTree = "<group>"; };
		AB3BCCE41ED1969B00BA7290 /* Info.plist */ = {isa = PBXFileReference; lastKnownFileType = text.plist.xml; path = Info.plist; sourceTree = "<group>"; };
		AB3BCCEF1ED1F35400BA7290 /* SignInVC.swift */ = {isa = PBXFileReference; fileEncoding = 4; lastKnownFileType = sourcecode.swift; path = SignInVC.swift; sourceTree = "<group>"; };
		AB3BCCF11ED1FDC300BA7290 /* Profile.swift */ = {isa = PBXFileReference; fileEncoding = 4; lastKnownFileType = sourcecode.swift; path = Profile.swift; sourceTree = "<group>"; };
		AB3BCCF31ED200A700BA7290 /* ProfileVC.swift */ = {isa = PBXFileReference; fileEncoding = 4; lastKnownFileType = sourcecode.swift; path = ProfileVC.swift; sourceTree = "<group>"; };
		C04644F8F2A4D17EF94F96B6 /* Pods_MvcApp.framework */ = {isa = PBXFileReference; explicitFileType = wrapper.framework; includeInIndex = 0; path = Pods_MvcApp.framework; sourceTree = BUILT_PRODUCTS_DIR; };
/* End PBXFileReference section */

/* Begin PBXFrameworksBuildPhase section */
		AB3BCCD21ED1969B00BA7290 /* Frameworks */ = {
			isa = PBXFrameworksBuildPhase;
			buildActionMask = 2147483647;
			files = (
				E9E635231A5F880E844856D8 /* Pods_MvcApp.framework in Frameworks */,
			);
			runOnlyForDeploymentPostprocessing = 0;
		};
/* End PBXFrameworksBuildPhase section */

/* Begin PBXGroup section */
		423AFC6B530361DF7D9BC519 /* Frameworks */ = {
			isa = PBXGroup;
			children = (
				C04644F8F2A4D17EF94F96B6 /* Pods_MvcApp.framework */,
			);
			name = Frameworks;
			sourceTree = "<group>";
		};
		AB3BCCCC1ED1969A00BA7290 = {
			isa = PBXGroup;
			children = (
				AB3BCCEB1ED1A84E00BA7290 /* image */,
				AB3BCCD71ED1969B00BA7290 /* MvcApp */,
				AB3BCCD61ED1969B00BA7290 /* Products */,
				F951EA4DE0728C6F22F4123C /* Pods */,
				423AFC6B530361DF7D9BC519 /* Frameworks */,
			);
			sourceTree = "<group>";
		};
		AB3BCCD61ED1969B00BA7290 /* Products */ = {
			isa = PBXGroup;
			children = (
				AB3BCCD51ED1969B00BA7290 /* MvcApp.app */,
			);
			name = Products;
			sourceTree = "<group>";
		};
		AB3BCCD71ED1969B00BA7290 /* MvcApp */ = {
			isa = PBXGroup;
			children = (
				AB3BCCEC1ED1F21B00BA7290 /* Controller */,
				AB3BCCED1ED1F21B00BA7290 /* View */,
				AB3BCCEE1ED1F21B00BA7290 /* Model */,
				AB3BCCD81ED1969B00BA7290 /* AppDelegate.swift */,
				AB3BCCE41ED1969B00BA7290 /* Info.plist */,
			);
			path = MvcApp;
			sourceTree = "<group>";
		};
		AB3BCCEB1ED1A84E00BA7290 /* image */ = {
			isa = PBXGroup;
			children = (
			);
			path = image;
			sourceTree = "<group>";
		};
		AB3BCCEC1ED1F21B00BA7290 /* Controller */ = {
			isa = PBXGroup;
			children = (
				AB3BCCEF1ED1F35400BA7290 /* SignInVC.swift */,
				AB3BCCF31ED200A700BA7290 /* ProfileVC.swift */,
				AB307E711ED2E01F0053CE95 /* RegisVC.swift */,
			);
			path = Controller;
			sourceTree = "<group>";
		};
		AB3BCCED1ED1F21B00BA7290 /* View */ = {
			isa = PBXGroup;
			children = (
				AB3BCCE11ED1969B00BA7290 /* LaunchScreen.storyboard */,
				AB3BCCDC1ED1969B00BA7290 /* Main.storyboard */,
			);
			path = View;
			sourceTree = "<group>";
		};
		AB3BCCEE1ED1F21B00BA7290 /* Model */ = {
			isa = PBXGroup;
			children = (
				AB3BCCDF1ED1969B00BA7290 /* Assets.xcassets */,
				AB3BCCF11ED1FDC300BA7290 /* Profile.swift */,
			);
			path = Model;
			sourceTree = "<group>";
		};
		F951EA4DE0728C6F22F4123C /* Pods */ = {
			isa = PBXGroup;
			children = (
				1EC99EBF4DC9DDBF6FF531E2 /* Pods-MvcApp.debug.xcconfig */,
				2506150A86FBFF077F494D36 /* Pods-MvcApp.release.xcconfig */,
			);
			name = Pods;
			sourceTree = "<group>";
		};
/* End PBXGroup section */

/* Begin PBXNativeTarget section */
		AB3BCCD41ED1969B00BA7290 /* MvcApp */ = {
			isa = PBXNativeTarget;
			buildConfigurationList = AB3BCCE71ED1969B00BA7290 /* Build configuration list for PBXNativeTarget "MvcApp" */;
			buildPhases = (
				4BA7CAA9338C7C8D749F5771 /* [CP] Check Pods Manifest.lock */,
				AB3BCCD11ED1969B00BA7290 /* Sources */,
				AB3BCCD21ED1969B00BA7290 /* Frameworks */,
				AB3BCCD31ED1969B00BA7290 /* Resources */,
				DF5B41DC3F85768076A8BE87 /* [CP] Embed Pods Frameworks */,
				4629034469DCDDC308579C10 /* [CP] Copy Pods Resources */,
			);
			buildRules = (
			);
			dependencies = (
			);
			name = MvcApp;
			productName = MvcApp;
			productReference = AB3BCCD51ED1969B00BA7290 /* MvcApp.app */;
			productType = "com.apple.product-type.application";
		};
/* End PBXNativeTarget section */

/* Begin PBXProject section */
		AB3BCCCD1ED1969A00BA7290 /* Project object */ = {
			isa = PBXProject;
			attributes = {
				LastSwiftUpdateCheck = 0830;
				LastUpgradeCheck = 0830;
				ORGANIZATIONNAME = binar;
				TargetAttributes = {
					AB3BCCD41ED1969B00BA7290 = {
						CreatedOnToolsVersion = 8.3.2;
						DevelopmentTeam = JZ8KA3GNH6;
						ProvisioningStyle = Automatic;
					};
				};
			};
			buildConfigurationList = AB3BCCD01ED1969A00BA7290 /* Build configuration list for PBXProject "MvcApp" */;
			compatibilityVersion = "Xcode 3.2";
			developmentRegion = English;
			hasScannedForEncodings = 0;
			knownRegions = (
				en,
				Base,
			);
			mainGroup = AB3BCCCC1ED1969A00BA7290;
			productRefGroup = AB3BCCD61ED1969B00BA7290 /* Products */;
			projectDirPath = "";
			projectRoot = "";
			targets = (
				AB3BCCD41ED1969B00BA7290 /* MvcApp */,
			);
		};
/* End PBXProject section */

/* Begin PBXResourcesBuildPhase section */
		AB3BCCD31ED1969B00BA7290 /* Resources */ = {
			isa = PBXResourcesBuildPhase;
			buildActionMask = 2147483647;
			files = (
				AB3BCCE31ED1969B00BA7290 /* LaunchScreen.storyboard in Resources */,
				AB3BCCE01ED1969B00BA7290 /* Assets.xcassets in Resources */,
				AB3BCCDE1ED1969B00BA7290 /* Main.storyboard in Resources */,
			);
			runOnlyForDeploymentPostprocessing = 0;
		};
/* End PBXResourcesBuildPhase section */

/* Begin PBXShellScriptBuildPhase section */
		4629034469DCDDC308579C10 /* [CP] Copy Pods Resources */ = {
			isa = PBXShellScriptBuildPhase;
			buildActionMask = 2147483647;
			files = (
			);
			inputPaths = (
			);
			name = "[CP] Copy Pods Resources";
			outputPaths = (
			);
			runOnlyForDeploymentPostprocessing = 0;
			shellPath = /bin/sh;
			shellScript = "\"${SRCROOT}/Pods/Target Support Files/Pods-MvcApp/Pods-MvcApp-resources.sh\"\n";
			showEnvVarsInLog = 0;
		};
		4BA7CAA9338C7C8D749F5771 /* [CP] Check Pods Manifest.lock */ = {
			isa = PBXShellScriptBuildPhase;
			buildActionMask = 2147483647;
			files = (
			);
			inputPaths = (
			);
			name = "[CP] Check Pods Manifest.lock";
			outputPaths = (
			);
			runOnlyForDeploymentPostprocessing = 0;
			shellPath = /bin/sh;
			shellScript = "diff \"${PODS_PODFILE_DIR_PATH}/Podfile.lock\" \"${PODS_ROOT}/Manifest.lock\" > /dev/null\nif [ $? != 0 ] ; then\n    # print error to STDERR\n    echo \"error: The sandbox is not in sync with the Podfile.lock. Run 'pod install' or update your CocoaPods installation.\" >&2\n    exit 1\nfi\n";
			showEnvVarsInLog = 0;
		};
		DF5B41DC3F85768076A8BE87 /* [CP] Embed Pods Frameworks */ = {
			isa = PBXShellScriptBuildPhase;
			buildActionMask = 2147483647;
			files = (
			);
			inputPaths = (
			);
			name = "[CP] Embed Pods Frameworks";
			outputPaths = (
			);
			runOnlyForDeploymentPostprocessing = 0;
			shellPath = /bin/sh;
			shellScript = "\"${SRCROOT}/Pods/Target Support Files/Pods-MvcApp/Pods-MvcApp-frameworks.sh\"\n";
			showEnvVarsInLog = 0;
		};
/* End PBXShellScriptBuildPhase section */

/* Begin PBXSourcesBuildPhase section */
		AB3BCCD11ED1969B00BA7290 /* Sources */ = {
			isa = PBXSourcesBuildPhase;
			buildActionMask = 2147483647;
			files = (
				AB3BCCF41ED200A700BA7290 /* ProfileVC.swift in Sources */,
				AB3BCCF21ED1FDC300BA7290 /* Profile.swift in Sources */,
				AB307E721ED2E01F0053CE95 /* RegisVC.swift in Sources */,
				AB3BCCD91ED1969B00BA7290 /* AppDelegate.swift in Sources */,
				AB3BCCF01ED1F35400BA7290 /* SignInVC.swift in Sources */,
			);
			runOnlyForDeploymentPostprocessing = 0;
		};
/* End PBXSourcesBuildPhase section */

/* Begin PBXVariantGroup section */
		AB3BCCDC1ED1969B00BA7290 /* Main.storyboard */ = {
			isa = PBXVariantGroup;
			children = (
				AB3BCCDD1ED1969B00BA7290 /* Base */,
			);
			name = Main.storyboard;
			path = ..;
			sourceTree = "<group>";
		};
		AB3BCCE11ED1969B00BA7290 /* LaunchScreen.storyboard */ = {
			isa = PBXVariantGroup;
			children = (
				AB3BCCE21ED1969B00BA7290 /* Base */,
			);
			name = LaunchScreen.storyboard;
			path = ..;
			sourceTree = "<group>";
		};
/* End PBXVariantGroup section */

/* Begin XCBuildConfiguration section */
		AB3BCCE51ED1969B00BA7290 /* Debug */ = {
			isa = XCBuildConfiguration;
			buildSettings = {
				ALWAYS_SEARCH_USER_PATHS = NO;
				CLANG_ANALYZER_NONNULL = YES;
				CLANG_ANALYZER_NUMBER_OBJECT_CONVERSION = YES_AGGRESSIVE;
				CLANG_CXX_LANGUAGE_STANDARD = "gnu++0x";
				CLANG_CXX_LIBRARY = "libc++";
				CLANG_ENABLE_MODULES = YES;
				CLANG_ENABLE_OBJC_ARC = YES;
				CLANG_WARN_BOOL_CONVERSION = YES;
				CLANG_WARN_CONSTANT_CONVERSION = YES;
				CLANG_WARN_DIRECT_OBJC_ISA_USAGE = YES_ERROR;
				CLANG_WARN_DOCUMENTATION_COMMENTS = YES;
				CLANG_WARN_EMPTY_BODY = YES;
				CLANG_WARN_ENUM_CONVERSION = YES;
				CLANG_WARN_INFINITE_RECURSION = YES;
				CLANG_WARN_INT_CONVERSION = YES;
				CLANG_WARN_OBJC_ROOT_CLASS = YES_ERROR;
				CLANG_WARN_SUSPICIOUS_MOVE = YES;
				CLANG_WARN_UNREACHABLE_CODE = YES;
				CLANG_WARN__DUPLICATE_METHOD_MATCH = YES;
				"CODE_SIGN_IDENTITY[sdk=iphoneos*]" = "iPhone Developer";
				COPY_PHASE_STRIP = NO;
				DEBUG_INFORMATION_FORMAT = dwarf;
				ENABLE_STRICT_OBJC_MSGSEND = YES;
				ENABLE_TESTABILITY = YES;
				GCC_C_LANGUAGE_STANDARD = gnu99;
				GCC_DYNAMIC_NO_PIC = NO;
				GCC_NO_COMMON_BLOCKS = YES;
				GCC_OPTIMIZATION_LEVEL = 0;
				GCC_PREPROCESSOR_DEFINITIONS = (
					"DEBUG=1",
					"$(inherited)",
				);
				GCC_WARN_64_TO_32_BIT_CONVERSION = YES;
				GCC_WARN_ABOUT_RETURN_TYPE = YES_ERROR;
				GCC_WARN_UNDECLARED_SELECTOR = YES;
				GCC_WARN_UNINITIALIZED_AUTOS = YES_AGGRESSIVE;
				GCC_WARN_UNUSED_FUNCTION = YES;
				GCC_WARN_UNUSED_VARIABLE = YES;
				IPHONEOS_DEPLOYMENT_TARGET = 10.3;
				MTL_ENABLE_DEBUG_INFO = YES;
				ONLY_ACTIVE_ARCH = YES;
				SDKROOT = iphoneos;
				SWIFT_ACTIVE_COMPILATION_CONDITIONS = DEBUG;
				SWIFT_OPTIMIZATION_LEVEL = "-Onone";
				TARGETED_DEVICE_FAMILY = "1,2";
			};
			name = Debug;
		};
		AB3BCCE61ED1969B00BA7290 /* Release */ = {
			isa = XCBuildConfiguration;
			buildSettings = {
				ALWAYS_SEARCH_USER_PATHS = NO;
				CLANG_ANALYZER_NONNULL = YES;
				CLANG_ANALYZER_NUMBER_OBJECT_CONVERSION = YES_AGGRESSIVE;
				CLANG_CXX_LANGUAGE_STANDARD = "gnu++0x";
				CLANG_CXX_LIBRARY = "libc++";
				CLANG_ENABLE_MODULES = YES;
				CLANG_ENABLE_OBJC_ARC = YES;
				CLANG_WARN_BOOL_CONVERSION = YES;
				CLANG_WARN_CONSTANT_CONVERSION = YES;
				CLANG_WARN_DIRECT_OBJC_ISA_USAGE = YES_ERROR;
				CLANG_WARN_DOCUMENTATION_COMMENTS = YES;
				CLANG_WARN_EMPTY_BODY = YES;
				CLANG_WARN_ENUM_CONVERSION = YES;
				CLANG_WARN_INFINITE_RECURSION = YES;
				CLANG_WARN_INT_CONVERSION = YES;
				CLANG_WARN_OBJC_ROOT_CLASS = YES_ERROR;
				CLANG_WARN_SUSPICIOUS_MOVE = YES;
				CLANG_WARN_UNREACHABLE_CODE = YES;
				CLANG_WARN__DUPLICATE_METHOD_MATCH = YES;
				"CODE_SIGN_IDENTITY[sdk=iphoneos*]" = "iPhone Developer";
				COPY_PHASE_STRIP = NO;
				DEBUG_INFORMATION_FORMAT = "dwarf-with-dsym";
				ENABLE_NS_ASSERTIONS = NO;
				ENABLE_STRICT_OBJC_MSGSEND = YES;
				GCC_C_LANGUAGE_STANDARD = gnu99;
				GCC_NO_COMMON_BLOCKS = YES;
				GCC_WARN_64_TO_32_BIT_CONVERSION = YES;
				GCC_WARN_ABOUT_RETURN_TYPE = YES_ERROR;
				GCC_WARN_UNDECLARED_SELECTOR = YES;
				GCC_WARN_UNINITIALIZED_AUTOS = YES_AGGRESSIVE;
				GCC_WARN_UNUSED_FUNCTION = YES;
				GCC_WARN_UNUSED_VARIABLE = YES;
				IPHONEOS_DEPLOYMENT_TARGET = 10.3;
				MTL_ENABLE_DEBUG_INFO = NO;
				SDKROOT = iphoneos;
				SWIFT_OPTIMIZATION_LEVEL = "-Owholemodule";
				TARGETED_DEVICE_FAMILY = "1,2";
				VALIDATE_PRODUCT = YES;
			};
			name = Release;
		};
		AB3BCCE81ED1969B00BA7290 /* Debug */ = {
			isa = XCBuildConfiguration;
			baseConfigurationReference = 1EC99EBF4DC9DDBF6FF531E2 /* Pods-MvcApp.debug.xcconfig */;
			buildSettings = {
				ASSETCATALOG_COMPILER_APPICON_NAME = AppIcon;
				DEVELOPMENT_TEAM = JZ8KA3GNH6;
				INFOPLIST_FILE = MvcApp/Info.plist;
				LD_RUNPATH_SEARCH_PATHS = "$(inherited) @executable_path/Frameworks";
				PRODUCT_BUNDLE_IDENTIFIER = id.co.MvcApp;
				PRODUCT_NAME = "$(TARGET_NAME)";
				SWIFT_VERSION = 3.0;
			};
			name = Debug;
		};
		AB3BCCE91ED1969B00BA7290 /* Release */ = {
			isa = XCBuildConfiguration;
			baseConfigurationReference = 2506150A86FBFF077F494D36 /* Pods-MvcApp.release.xcconfig */;
			buildSettings = {
				ASSETCATALOG_COMPILER_APPICON_NAME = AppIcon;
				DEVELOPMENT_TEAM = JZ8KA3GNH6;
				INFOPLIST_FILE = MvcApp/Info.plist;
				LD_RUNPATH_SEARCH_PATHS = "$(inherited) @executable_path/Frameworks";
				PRODUCT_BUNDLE_IDENTIFIER = id.co.MvcApp;
				PRODUCT_NAME = "$(TARGET_NAME)";
				SWIFT_VERSION = 3.0;
			};
			name = Release;
		};
/* End XCBuildConfiguration section */

/* Begin XCConfigurationList section */
		AB3BCCD01ED1969A00BA7290 /* Build configuration list for PBXProject "MvcApp" */ = {
			isa = XCConfigurationList;
			buildConfigurations = (
				AB3BCCE51ED1969B00BA7290 /* Debug */,
				AB3BCCE61ED1969B00BA7290 /* Release */,
			);
			defaultConfigurationIsVisible = 0;
			defaultConfigurationName = Release;
		};
		AB3BCCE71ED1969B00BA7290 /* Build configuration list for PBXNativeTarget "MvcApp" */ = {
			isa = XCConfigurationList;
			buildConfigurations = (
				AB3BCCE81ED1969B00BA7290 /* Debug */,
				AB3BCCE91ED1969B00BA7290 /* Release */,
			);
			defaultConfigurationIsVisible = 0;
			defaultConfigurationName = Release;
		};
/* End XCConfigurationList section */
	};
	rootObject = AB3BCCCD1ED1969A00BA7290 /* Project object */;
}
